// !$*UTF8*$!
{
	archiveVersion = 1;
	classes = {
	};
	objectVersion = 51;
	objects = {

/* Begin PBXBuildFile section */
		1AC52F26264BAD9D00C04EA4 /* R.generated.swift in Sources */ = {isa = PBXBuildFile; fileRef = 1AC52F25264BAD9D00C04EA4 /* R.generated.swift */; };
		B81521A7264E78BA00B498CA /* StoryPreviewViewController.swift in Sources */ = {isa = PBXBuildFile; fileRef = B81521A6264E78BA00B498CA /* StoryPreviewViewController.swift */; };
		B81521A9264E78C400B498CA /* StoryPreviewViewModel.swift in Sources */ = {isa = PBXBuildFile; fileRef = B81521A8264E78C400B498CA /* StoryPreviewViewModel.swift */; };
		B81521AB264E78CC00B498CA /* StoryPreviewCoordinator.swift in Sources */ = {isa = PBXBuildFile; fileRef = B81521AA264E78CC00B498CA /* StoryPreviewCoordinator.swift */; };
		B81521AD264E7A2400B498CA /* HomeHeaderModelView.swift in Sources */ = {isa = PBXBuildFile; fileRef = B81521AC264E7A2400B498CA /* HomeHeaderModelView.swift */; };
		B81521AF264E7A3700B498CA /* HomeCollectionCellViewModel.swift in Sources */ = {isa = PBXBuildFile; fileRef = B81521AE264E7A3700B498CA /* HomeCollectionCellViewModel.swift */; };
		B8261E19264FB2030044A72D /* ForgetPasswordViewModel.swift in Sources */ = {isa = PBXBuildFile; fileRef = B8261E18264FB2030044A72D /* ForgetPasswordViewModel.swift */; };
		B8261E1B264FB2090044A72D /* ForgetPasswordCoordinator.swift in Sources */ = {isa = PBXBuildFile; fileRef = B8261E1A264FB2090044A72D /* ForgetPasswordCoordinator.swift */; };
		B8261E1D264FB2180044A72D /* ForgetPasswordViewController.swift in Sources */ = {isa = PBXBuildFile; fileRef = B8261E1C264FB2180044A72D /* ForgetPasswordViewController.swift */; };
		B8261E20264FB7E50044A72D /* ConfirmCoordinator.swift in Sources */ = {isa = PBXBuildFile; fileRef = B8261E1F264FB7E50044A72D /* ConfirmCoordinator.swift */; };
		B8261E22264FB7F30044A72D /* ConfirmViewModel.swift in Sources */ = {isa = PBXBuildFile; fileRef = B8261E21264FB7F30044A72D /* ConfirmViewModel.swift */; };
		B8261E24264FB7FA0044A72D /* ConfirmViewController.swift in Sources */ = {isa = PBXBuildFile; fileRef = B8261E23264FB7FA0044A72D /* ConfirmViewController.swift */; };
		B8261E26264FD0090044A72D /* constants.strings in Resources */ = {isa = PBXBuildFile; fileRef = B8261E25264FD0090044A72D /* constants.strings */; };
		B8261E28264FD0440044A72D /* Helper.swift in Sources */ = {isa = PBXBuildFile; fileRef = B8261E27264FD0440044A72D /* Helper.swift */; };
		B82F8BD9264FDC710096358A /* String+extensions.swift in Sources */ = {isa = PBXBuildFile; fileRef = B82F8BD8264FDC710096358A /* String+extensions.swift */; };
		B82F8BDB265017940096358A /* CustomColors.swift in Sources */ = {isa = PBXBuildFile; fileRef = B82F8BDA265017940096358A /* CustomColors.swift */; };
		B82F8BDC26502C660096358A /* Localization.strings in Resources */ = {isa = PBXBuildFile; fileRef = B82F8BDE26502C660096358A /* Localization.strings */; };
		B83D5561264B96BE003791F5 /* TextField.swift in Sources */ = {isa = PBXBuildFile; fileRef = B83D5560264B96BE003791F5 /* TextField.swift */; };
		B864B4B7264AD9D00056C356 /* AppDelegate.swift in Sources */ = {isa = PBXBuildFile; fileRef = B864B4B6264AD9D00056C356 /* AppDelegate.swift */; };
		B864B4B9264AD9D00056C356 /* SceneDelegate.swift in Sources */ = {isa = PBXBuildFile; fileRef = B864B4B8264AD9D00056C356 /* SceneDelegate.swift */; };
		B864B4C0264AD9D10056C356 /* Assets.xcassets in Resources */ = {isa = PBXBuildFile; fileRef = B864B4BF264AD9D10056C356 /* Assets.xcassets */; };
		B864B4C3264AD9D10056C356 /* LaunchScreen.storyboard in Resources */ = {isa = PBXBuildFile; fileRef = B864B4C1264AD9D10056C356 /* LaunchScreen.storyboard */; };
		B864B4CE264AE2630056C356 /* SignUpCoordinator.swift in Sources */ = {isa = PBXBuildFile; fileRef = B864B4CD264AE2630056C356 /* SignUpCoordinator.swift */; };
		B864B4D0264AE26D0056C356 /* SignUpViewController.swift in Sources */ = {isa = PBXBuildFile; fileRef = B864B4CF264AE26D0056C356 /* SignUpViewController.swift */; };
		B864B4D2264AE2770056C356 /* SignUpViewModel.swift in Sources */ = {isa = PBXBuildFile; fileRef = B864B4D1264AE2770056C356 /* SignUpViewModel.swift */; };
		B864B4D4264AE2870056C356 /* SignInCoordinator.swift in Sources */ = {isa = PBXBuildFile; fileRef = B864B4D3264AE2870056C356 /* SignInCoordinator.swift */; };
		B864B4D6264AE2900056C356 /* SignInViewController.swift in Sources */ = {isa = PBXBuildFile; fileRef = B864B4D5264AE2900056C356 /* SignInViewController.swift */; };
		B864B4D8264AE29B0056C356 /* SignInViewModel.swift in Sources */ = {isa = PBXBuildFile; fileRef = B864B4D7264AE29B0056C356 /* SignInViewModel.swift */; };
		B864B4DA264AE3240056C356 /* WelcomeCoordinator.swift in Sources */ = {isa = PBXBuildFile; fileRef = B864B4D9264AE3240056C356 /* WelcomeCoordinator.swift */; };
		B864B4DC264AE32D0056C356 /* WelcomeViewController.swift in Sources */ = {isa = PBXBuildFile; fileRef = B864B4DB264AE32D0056C356 /* WelcomeViewController.swift */; };
		B864B4DE264AE3350056C356 /* WelcomeViewModel.swift in Sources */ = {isa = PBXBuildFile; fileRef = B864B4DD264AE3350056C356 /* WelcomeViewModel.swift */; };
		B864B4E0264AE3B80056C356 /* Coordinator.swift in Sources */ = {isa = PBXBuildFile; fileRef = B864B4DF264AE3B80056C356 /* Coordinator.swift */; };
		B864B4E3264AE5C60056C356 /* BaseViewController.swift in Sources */ = {isa = PBXBuildFile; fileRef = B864B4E2264AE5C60056C356 /* BaseViewController.swift */; };
		B864B4E6264AE7E20056C356 /* UILabel+extensions.swift in Sources */ = {isa = PBXBuildFile; fileRef = B864B4E5264AE7E20056C356 /* UILabel+extensions.swift */; };
		B864B4E8264AE91A0056C356 /* UIStackView+extensions.swift in Sources */ = {isa = PBXBuildFile; fileRef = B864B4E7264AE91A0056C356 /* UIStackView+extensions.swift */; };
		B864B4EA264AED940056C356 /* UIButton+extensions.swift in Sources */ = {isa = PBXBuildFile; fileRef = B864B4E9264AED940056C356 /* UIButton+extensions.swift */; };
		B864B4EC264AEFD20056C356 /* UIImageView+extensions.swift in Sources */ = {isa = PBXBuildFile; fileRef = B864B4EB264AEFD20056C356 /* UIImageView+extensions.swift */; };
		B864B4EE264AF2C50056C356 /* GlobalVariables.swift in Sources */ = {isa = PBXBuildFile; fileRef = B864B4ED264AF2C50056C356 /* GlobalVariables.swift */; };
		B864B4F1264AFE140056C356 /* UITextField+extensions.swift in Sources */ = {isa = PBXBuildFile; fileRef = B864B4F0264AFE140056C356 /* UITextField+extensions.swift */; };
		B864B4F3264B7D760056C356 /* UIView+extensions.swift in Sources */ = {isa = PBXBuildFile; fileRef = B864B4F2264B7D760056C356 /* UIView+extensions.swift */; };
		B878940A264C3F7A004DEE04 /* HomeViewModel.swift in Sources */ = {isa = PBXBuildFile; fileRef = B8789409264C3F7A004DEE04 /* HomeViewModel.swift */; };
		B878940C264C3F83004DEE04 /* HomeCoordinator.swift in Sources */ = {isa = PBXBuildFile; fileRef = B878940B264C3F83004DEE04 /* HomeCoordinator.swift */; };
		B878940E264C3F8A004DEE04 /* HomeViewController.swift in Sources */ = {isa = PBXBuildFile; fileRef = B878940D264C3F8A004DEE04 /* HomeViewController.swift */; };
		B8789411264D00D2004DEE04 /* TabBarCoordinator.swift in Sources */ = {isa = PBXBuildFile; fileRef = B8789410264D00D2004DEE04 /* TabBarCoordinator.swift */; };
		B8789414264D0179004DEE04 /* AppCoordinator.swift in Sources */ = {isa = PBXBuildFile; fileRef = B8789413264D0179004DEE04 /* AppCoordinator.swift */; };
		B8789416264D01BE004DEE04 /* SettingsManager.swift in Sources */ = {isa = PBXBuildFile; fileRef = B8789415264D01BE004DEE04 /* SettingsManager.swift */; };
		B8789418264D31C4004DEE04 /* TabBarViewModel.swift in Sources */ = {isa = PBXBuildFile; fileRef = B8789417264D31C4004DEE04 /* TabBarViewModel.swift */; };
		B878941A264D31D9004DEE04 /* TabBarViewController.swift in Sources */ = {isa = PBXBuildFile; fileRef = B8789419264D31D9004DEE04 /* TabBarViewController.swift */; };
		B878941D264D322A004DEE04 /* SearchViewController.swift in Sources */ = {isa = PBXBuildFile; fileRef = B878941C264D322A004DEE04 /* SearchViewController.swift */; };
		B878941F264D3232004DEE04 /* SearchCoordinator.swift in Sources */ = {isa = PBXBuildFile; fileRef = B878941E264D3232004DEE04 /* SearchCoordinator.swift */; };
		B8789421264D323A004DEE04 /* SearchViewModel.swift in Sources */ = {isa = PBXBuildFile; fileRef = B8789420264D323A004DEE04 /* SearchViewModel.swift */; };
		B8789446264D5EA7004DEE04 /* AccountViewController.swift in Sources */ = {isa = PBXBuildFile; fileRef = B8789445264D5EA7004DEE04 /* AccountViewController.swift */; };
		B8789448264D5EAF004DEE04 /* AccountViewModel.swift in Sources */ = {isa = PBXBuildFile; fileRef = B8789447264D5EAF004DEE04 /* AccountViewModel.swift */; };
		B878944A264D5EB7004DEE04 /* AccountCoordinator.swift in Sources */ = {isa = PBXBuildFile; fileRef = B8789449264D5EB7004DEE04 /* AccountCoordinator.swift */; };
		B878944D264D6008004DEE04 /* FavoriteViewController.swift in Sources */ = {isa = PBXBuildFile; fileRef = B878944C264D6008004DEE04 /* FavoriteViewController.swift */; };
		B878944F264D6011004DEE04 /* FavoriteViewModel.swift in Sources */ = {isa = PBXBuildFile; fileRef = B878944E264D6011004DEE04 /* FavoriteViewModel.swift */; };
		B8789451264D6018004DEE04 /* FavoriteCoordinator.swift in Sources */ = {isa = PBXBuildFile; fileRef = B8789450264D6018004DEE04 /* FavoriteCoordinator.swift */; };
		B8789453264D6A38004DEE04 /* UIColor+extensions.swift in Sources */ = {isa = PBXBuildFile; fileRef = B8789452264D6A38004DEE04 /* UIColor+extensions.swift */; };
		B8789457264D724A004DEE04 /* AddViewModel.swift in Sources */ = {isa = PBXBuildFile; fileRef = B8789456264D724A004DEE04 /* AddViewModel.swift */; };
		B8789459264D724F004DEE04 /* AddCoordinator.swift in Sources */ = {isa = PBXBuildFile; fileRef = B8789458264D724F004DEE04 /* AddCoordinator.swift */; };
		B878945B264D7256004DEE04 /* AddViewController.swift in Sources */ = {isa = PBXBuildFile; fileRef = B878945A264D7256004DEE04 /* AddViewController.swift */; };
		B878945E264D7C86004DEE04 /* FollowingLabel.swift in Sources */ = {isa = PBXBuildFile; fileRef = B878945D264D7C86004DEE04 /* FollowingLabel.swift */; };
		B8789460264D7D30004DEE04 /* RoundedImageView.swift in Sources */ = {isa = PBXBuildFile; fileRef = B878945F264D7D30004DEE04 /* RoundedImageView.swift */; };
		B8789463264D894A004DEE04 /* AccountHorizontalView.swift in Sources */ = {isa = PBXBuildFile; fileRef = B8789462264D894A004DEE04 /* AccountHorizontalView.swift */; };
		B8789468264D998B004DEE04 /* HomeTableViewCell.swift in Sources */ = {isa = PBXBuildFile; fileRef = B8789467264D998B004DEE04 /* HomeTableViewCell.swift */; };
		B878946A264DA14A004DEE04 /* HomeTableViewCellViewModel.swift in Sources */ = {isa = PBXBuildFile; fileRef = B8789469264DA14A004DEE04 /* HomeTableViewCellViewModel.swift */; };
		B8789470264DA32D004DEE04 /* HomeCellInteractionView.swift in Sources */ = {isa = PBXBuildFile; fileRef = B878946F264DA32D004DEE04 /* HomeCellInteractionView.swift */; };
		B8789473264DAEAD004DEE04 /* HomeHeaderView.swift in Sources */ = {isa = PBXBuildFile; fileRef = B8789472264DAEAD004DEE04 /* HomeHeaderView.swift */; };
		B8789476264DB289004DEE04 /* HomeCollectionViewCell.swift in Sources */ = {isa = PBXBuildFile; fileRef = B8789475264DB289004DEE04 /* HomeCollectionViewCell.swift */; };
		D4231EB40E0C1BED55F74D38 /* Pods_iOSApp.framework in Frameworks */ = {isa = PBXBuildFile; fileRef = 83F51E6CE991B03C5B3F371F /* Pods_iOSApp.framework */; };
/* End PBXBuildFile section */

/* Begin PBXFileReference section */
		0FBC62CE8B78F95F48590B0D /* Pods-iOSApp.debug.xcconfig */ = {isa = PBXFileReference; includeInIndex = 1; lastKnownFileType = text.xcconfig; name = "Pods-iOSApp.debug.xcconfig"; path = "Target Support Files/Pods-iOSApp/Pods-iOSApp.debug.xcconfig"; sourceTree = "<group>"; };
		1AC52F25264BAD9D00C04EA4 /* R.generated.swift */ = {isa = PBXFileReference; fileEncoding = 4; lastKnownFileType = sourcecode.swift; path = R.generated.swift; sourceTree = SOURCE_ROOT; };
		27BD7AFA66EAEE981A934464 /* Pods-iOSApp.release.xcconfig */ = {isa = PBXFileReference; includeInIndex = 1; lastKnownFileType = text.xcconfig; name = "Pods-iOSApp.release.xcconfig"; path = "Target Support Files/Pods-iOSApp/Pods-iOSApp.release.xcconfig"; sourceTree = "<group>"; };
		83F51E6CE991B03C5B3F371F /* Pods_iOSApp.framework */ = {isa = PBXFileReference; explicitFileType = wrapper.framework; includeInIndex = 0; path = Pods_iOSApp.framework; sourceTree = BUILT_PRODUCTS_DIR; };
		B81521A6264E78BA00B498CA /* StoryPreviewViewController.swift */ = {isa = PBXFileReference; lastKnownFileType = sourcecode.swift; path = StoryPreviewViewController.swift; sourceTree = "<group>"; };
		B81521A8264E78C400B498CA /* StoryPreviewViewModel.swift */ = {isa = PBXFileReference; lastKnownFileType = sourcecode.swift; path = StoryPreviewViewModel.swift; sourceTree = "<group>"; };
		B81521AA264E78CC00B498CA /* StoryPreviewCoordinator.swift */ = {isa = PBXFileReference; lastKnownFileType = sourcecode.swift; path = StoryPreviewCoordinator.swift; sourceTree = "<group>"; };
		B81521AC264E7A2400B498CA /* HomeHeaderModelView.swift */ = {isa = PBXFileReference; lastKnownFileType = sourcecode.swift; path = HomeHeaderModelView.swift; sourceTree = "<group>"; };
		B81521AE264E7A3700B498CA /* HomeCollectionCellViewModel.swift */ = {isa = PBXFileReference; lastKnownFileType = sourcecode.swift; path = HomeCollectionCellViewModel.swift; sourceTree = "<group>"; };
		B8261E18264FB2030044A72D /* ForgetPasswordViewModel.swift */ = {isa = PBXFileReference; lastKnownFileType = sourcecode.swift; path = ForgetPasswordViewModel.swift; sourceTree = "<group>"; };
		B8261E1A264FB2090044A72D /* ForgetPasswordCoordinator.swift */ = {isa = PBXFileReference; lastKnownFileType = sourcecode.swift; path = ForgetPasswordCoordinator.swift; sourceTree = "<group>"; };
		B8261E1C264FB2180044A72D /* ForgetPasswordViewController.swift */ = {isa = PBXFileReference; lastKnownFileType = sourcecode.swift; path = ForgetPasswordViewController.swift; sourceTree = "<group>"; };
		B8261E1F264FB7E50044A72D /* ConfirmCoordinator.swift */ = {isa = PBXFileReference; lastKnownFileType = sourcecode.swift; path = ConfirmCoordinator.swift; sourceTree = "<group>"; };
		B8261E21264FB7F30044A72D /* ConfirmViewModel.swift */ = {isa = PBXFileReference; lastKnownFileType = sourcecode.swift; path = ConfirmViewModel.swift; sourceTree = "<group>"; };
		B8261E23264FB7FA0044A72D /* ConfirmViewController.swift */ = {isa = PBXFileReference; lastKnownFileType = sourcecode.swift; path = ConfirmViewController.swift; sourceTree = "<group>"; };
		B8261E25264FD0090044A72D /* constants.strings */ = {isa = PBXFileReference; lastKnownFileType = text.plist.strings; path = constants.strings; sourceTree = "<group>"; };
		B8261E27264FD0440044A72D /* Helper.swift */ = {isa = PBXFileReference; lastKnownFileType = sourcecode.swift; path = Helper.swift; sourceTree = "<group>"; };
		B82F8BD8264FDC710096358A /* String+extensions.swift */ = {isa = PBXFileReference; lastKnownFileType = sourcecode.swift; path = "String+extensions.swift"; sourceTree = "<group>"; };
		B82F8BDA265017940096358A /* CustomColors.swift */ = {isa = PBXFileReference; lastKnownFileType = sourcecode.swift; path = CustomColors.swift; sourceTree = "<group>"; };
		B82F8BDD26502C660096358A /* en */ = {isa = PBXFileReference; lastKnownFileType = text.plist.strings; name = en; path = en.lproj/Localization.strings; sourceTree = "<group>"; };
		B82F8BDF26502D000096358A /* ru */ = {isa = PBXFileReference; lastKnownFileType = text.plist.strings; name = ru; path = ru.lproj/Localization.strings; sourceTree = "<group>"; };
		B82F8BE026502D320096358A /* uz-UZ */ = {isa = PBXFileReference; lastKnownFileType = text.plist.strings; name = "uz-UZ"; path = "uz-UZ.lproj/Localization.strings"; sourceTree = "<group>"; };
		B83D5560264B96BE003791F5 /* TextField.swift */ = {isa = PBXFileReference; lastKnownFileType = sourcecode.swift; path = TextField.swift; sourceTree = "<group>"; };
		B864B4B3264AD9D00056C356 /* iOSApp.app */ = {isa = PBXFileReference; explicitFileType = wrapper.application; includeInIndex = 0; path = iOSApp.app; sourceTree = BUILT_PRODUCTS_DIR; };
		B864B4B6264AD9D00056C356 /* AppDelegate.swift */ = {isa = PBXFileReference; lastKnownFileType = sourcecode.swift; path = AppDelegate.swift; sourceTree = "<group>"; };
		B864B4B8264AD9D00056C356 /* SceneDelegate.swift */ = {isa = PBXFileReference; lastKnownFileType = sourcecode.swift; path = SceneDelegate.swift; sourceTree = "<group>"; };
		B864B4BF264AD9D10056C356 /* Assets.xcassets */ = {isa = PBXFileReference; lastKnownFileType = folder.assetcatalog; path = Assets.xcassets; sourceTree = "<group>"; };
		B864B4C2264AD9D10056C356 /* Base */ = {isa = PBXFileReference; lastKnownFileType = file.storyboard; name = Base; path = Base.lproj/LaunchScreen.storyboard; sourceTree = "<group>"; };
		B864B4C4264AD9D10056C356 /* Info.plist */ = {isa = PBXFileReference; lastKnownFileType = text.plist.xml; path = Info.plist; sourceTree = "<group>"; };
		B864B4CD264AE2630056C356 /* SignUpCoordinator.swift */ = {isa = PBXFileReference; lastKnownFileType = sourcecode.swift; path = SignUpCoordinator.swift; sourceTree = "<group>"; };
		B864B4CF264AE26D0056C356 /* SignUpViewController.swift */ = {isa = PBXFileReference; lastKnownFileType = sourcecode.swift; path = SignUpViewController.swift; sourceTree = "<group>"; };
		B864B4D1264AE2770056C356 /* SignUpViewModel.swift */ = {isa = PBXFileReference; lastKnownFileType = sourcecode.swift; path = SignUpViewModel.swift; sourceTree = "<group>"; };
		B864B4D3264AE2870056C356 /* SignInCoordinator.swift */ = {isa = PBXFileReference; lastKnownFileType = sourcecode.swift; path = SignInCoordinator.swift; sourceTree = "<group>"; };
		B864B4D5264AE2900056C356 /* SignInViewController.swift */ = {isa = PBXFileReference; lastKnownFileType = sourcecode.swift; path = SignInViewController.swift; sourceTree = "<group>"; };
		B864B4D7264AE29B0056C356 /* SignInViewModel.swift */ = {isa = PBXFileReference; lastKnownFileType = sourcecode.swift; path = SignInViewModel.swift; sourceTree = "<group>"; };
		B864B4D9264AE3240056C356 /* WelcomeCoordinator.swift */ = {isa = PBXFileReference; lastKnownFileType = sourcecode.swift; path = WelcomeCoordinator.swift; sourceTree = "<group>"; };
		B864B4DB264AE32D0056C356 /* WelcomeViewController.swift */ = {isa = PBXFileReference; lastKnownFileType = sourcecode.swift; path = WelcomeViewController.swift; sourceTree = "<group>"; };
		B864B4DD264AE3350056C356 /* WelcomeViewModel.swift */ = {isa = PBXFileReference; lastKnownFileType = sourcecode.swift; path = WelcomeViewModel.swift; sourceTree = "<group>"; };
		B864B4DF264AE3B80056C356 /* Coordinator.swift */ = {isa = PBXFileReference; lastKnownFileType = sourcecode.swift; path = Coordinator.swift; sourceTree = "<group>"; };
		B864B4E2264AE5C60056C356 /* BaseViewController.swift */ = {isa = PBXFileReference; lastKnownFileType = sourcecode.swift; path = BaseViewController.swift; sourceTree = "<group>"; };
		B864B4E5264AE7E20056C356 /* UILabel+extensions.swift */ = {isa = PBXFileReference; lastKnownFileType = sourcecode.swift; path = "UILabel+extensions.swift"; sourceTree = "<group>"; };
		B864B4E7264AE91A0056C356 /* UIStackView+extensions.swift */ = {isa = PBXFileReference; lastKnownFileType = sourcecode.swift; path = "UIStackView+extensions.swift"; sourceTree = "<group>"; };
		B864B4E9264AED940056C356 /* UIButton+extensions.swift */ = {isa = PBXFileReference; lastKnownFileType = sourcecode.swift; path = "UIButton+extensions.swift"; sourceTree = "<group>"; };
		B864B4EB264AEFD20056C356 /* UIImageView+extensions.swift */ = {isa = PBXFileReference; lastKnownFileType = sourcecode.swift; path = "UIImageView+extensions.swift"; sourceTree = "<group>"; };
		B864B4ED264AF2C50056C356 /* GlobalVariables.swift */ = {isa = PBXFileReference; lastKnownFileType = sourcecode.swift; path = GlobalVariables.swift; sourceTree = "<group>"; };
		B864B4F0264AFE140056C356 /* UITextField+extensions.swift */ = {isa = PBXFileReference; lastKnownFileType = sourcecode.swift; path = "UITextField+extensions.swift"; sourceTree = "<group>"; };
		B864B4F2264B7D760056C356 /* UIView+extensions.swift */ = {isa = PBXFileReference; lastKnownFileType = sourcecode.swift; path = "UIView+extensions.swift"; sourceTree = "<group>"; };
		B8789409264C3F7A004DEE04 /* HomeViewModel.swift */ = {isa = PBXFileReference; lastKnownFileType = sourcecode.swift; path = HomeViewModel.swift; sourceTree = "<group>"; };
		B878940B264C3F83004DEE04 /* HomeCoordinator.swift */ = {isa = PBXFileReference; lastKnownFileType = sourcecode.swift; path = HomeCoordinator.swift; sourceTree = "<group>"; };
		B878940D264C3F8A004DEE04 /* HomeViewController.swift */ = {isa = PBXFileReference; lastKnownFileType = sourcecode.swift; path = HomeViewController.swift; sourceTree = "<group>"; };
		B8789410264D00D2004DEE04 /* TabBarCoordinator.swift */ = {isa = PBXFileReference; lastKnownFileType = sourcecode.swift; path = TabBarCoordinator.swift; sourceTree = "<group>"; };
		B8789413264D0179004DEE04 /* AppCoordinator.swift */ = {isa = PBXFileReference; lastKnownFileType = sourcecode.swift; path = AppCoordinator.swift; sourceTree = "<group>"; };
		B8789415264D01BE004DEE04 /* SettingsManager.swift */ = {isa = PBXFileReference; lastKnownFileType = sourcecode.swift; path = SettingsManager.swift; sourceTree = "<group>"; };
		B8789417264D31C4004DEE04 /* TabBarViewModel.swift */ = {isa = PBXFileReference; lastKnownFileType = sourcecode.swift; path = TabBarViewModel.swift; sourceTree = "<group>"; };
		B8789419264D31D9004DEE04 /* TabBarViewController.swift */ = {isa = PBXFileReference; lastKnownFileType = sourcecode.swift; path = TabBarViewController.swift; sourceTree = "<group>"; };
		B878941C264D322A004DEE04 /* SearchViewController.swift */ = {isa = PBXFileReference; lastKnownFileType = sourcecode.swift; path = SearchViewController.swift; sourceTree = "<group>"; };
		B878941E264D3232004DEE04 /* SearchCoordinator.swift */ = {isa = PBXFileReference; lastKnownFileType = sourcecode.swift; path = SearchCoordinator.swift; sourceTree = "<group>"; };
		B8789420264D323A004DEE04 /* SearchViewModel.swift */ = {isa = PBXFileReference; lastKnownFileType = sourcecode.swift; path = SearchViewModel.swift; sourceTree = "<group>"; };
		B8789445264D5EA7004DEE04 /* AccountViewController.swift */ = {isa = PBXFileReference; lastKnownFileType = sourcecode.swift; path = AccountViewController.swift; sourceTree = "<group>"; };
		B8789447264D5EAF004DEE04 /* AccountViewModel.swift */ = {isa = PBXFileReference; lastKnownFileType = sourcecode.swift; path = AccountViewModel.swift; sourceTree = "<group>"; };
		B8789449264D5EB7004DEE04 /* AccountCoordinator.swift */ = {isa = PBXFileReference; lastKnownFileType = sourcecode.swift; path = AccountCoordinator.swift; sourceTree = "<group>"; };
		B878944C264D6008004DEE04 /* FavoriteViewController.swift */ = {isa = PBXFileReference; lastKnownFileType = sourcecode.swift; path = FavoriteViewController.swift; sourceTree = "<group>"; };
		B878944E264D6011004DEE04 /* FavoriteViewModel.swift */ = {isa = PBXFileReference; lastKnownFileType = sourcecode.swift; path = FavoriteViewModel.swift; sourceTree = "<group>"; };
		B8789450264D6018004DEE04 /* FavoriteCoordinator.swift */ = {isa = PBXFileReference; lastKnownFileType = sourcecode.swift; path = FavoriteCoordinator.swift; sourceTree = "<group>"; };
		B8789452264D6A38004DEE04 /* UIColor+extensions.swift */ = {isa = PBXFileReference; lastKnownFileType = sourcecode.swift; path = "UIColor+extensions.swift"; sourceTree = "<group>"; };
		B8789456264D724A004DEE04 /* AddViewModel.swift */ = {isa = PBXFileReference; lastKnownFileType = sourcecode.swift; path = AddViewModel.swift; sourceTree = "<group>"; };
		B8789458264D724F004DEE04 /* AddCoordinator.swift */ = {isa = PBXFileReference; lastKnownFileType = sourcecode.swift; path = AddCoordinator.swift; sourceTree = "<group>"; };
		B878945A264D7256004DEE04 /* AddViewController.swift */ = {isa = PBXFileReference; lastKnownFileType = sourcecode.swift; path = AddViewController.swift; sourceTree = "<group>"; };
		B878945D264D7C86004DEE04 /* FollowingLabel.swift */ = {isa = PBXFileReference; lastKnownFileType = sourcecode.swift; path = FollowingLabel.swift; sourceTree = "<group>"; };
		B878945F264D7D30004DEE04 /* RoundedImageView.swift */ = {isa = PBXFileReference; lastKnownFileType = sourcecode.swift; path = RoundedImageView.swift; sourceTree = "<group>"; };
		B8789462264D894A004DEE04 /* AccountHorizontalView.swift */ = {isa = PBXFileReference; lastKnownFileType = sourcecode.swift; path = AccountHorizontalView.swift; sourceTree = "<group>"; };
		B8789467264D998B004DEE04 /* HomeTableViewCell.swift */ = {isa = PBXFileReference; lastKnownFileType = sourcecode.swift; path = HomeTableViewCell.swift; sourceTree = "<group>"; };
		B8789469264DA14A004DEE04 /* HomeTableViewCellViewModel.swift */ = {isa = PBXFileReference; lastKnownFileType = sourcecode.swift; path = HomeTableViewCellViewModel.swift; sourceTree = "<group>"; };
		B878946F264DA32D004DEE04 /* HomeCellInteractionView.swift */ = {isa = PBXFileReference; lastKnownFileType = sourcecode.swift; path = HomeCellInteractionView.swift; sourceTree = "<group>"; };
		B8789472264DAEAD004DEE04 /* HomeHeaderView.swift */ = {isa = PBXFileReference; lastKnownFileType = sourcecode.swift; path = HomeHeaderView.swift; sourceTree = "<group>"; };
		B8789475264DB289004DEE04 /* HomeCollectionViewCell.swift */ = {isa = PBXFileReference; lastKnownFileType = sourcecode.swift; path = HomeCollectionViewCell.swift; sourceTree = "<group>"; };
/* End PBXFileReference section */

/* Begin PBXFrameworksBuildPhase section */
		B864B4B0264AD9D00056C356 /* Frameworks */ = {
			isa = PBXFrameworksBuildPhase;
			buildActionMask = 2147483647;
			files = (
				D4231EB40E0C1BED55F74D38 /* Pods_iOSApp.framework in Frameworks */,
			);
			runOnlyForDeploymentPostprocessing = 0;
		};
/* End PBXFrameworksBuildPhase section */

/* Begin PBXGroup section */
		1AC52F18264BAAD900C04EA4 /* Resources */ = {
			isa = PBXGroup;
			children = (
				B83D555F264B96B3003791F5 /* Customs */,
				B864B4E4264AE7D30056C356 /* Extensions */,
				B864B4ED264AF2C50056C356 /* GlobalVariables.swift */,
				B82F8BDE26502C660096358A /* Localization.strings */,
				1AC52F25264BAD9D00C04EA4 /* R.generated.swift */,
				B8789415264D01BE004DEE04 /* SettingsManager.swift */,
				B8261E25264FD0090044A72D /* constants.strings */,
				B8261E27264FD0440044A72D /* Helper.swift */,
				B82F8BDA265017940096358A /* CustomColors.swift */,
			);
			path = Resources;
			sourceTree = "<group>";
		};
		3D8A64480FC425EDA3CEE37B /* Pods */ = {
			isa = PBXGroup;
			children = (
				0FBC62CE8B78F95F48590B0D /* Pods-iOSApp.debug.xcconfig */,
				27BD7AFA66EAEE981A934464 /* Pods-iOSApp.release.xcconfig */,
			);
			path = Pods;
			sourceTree = "<group>";
		};
		9062B6E166AAB03B716564AD /* Frameworks */ = {
			isa = PBXGroup;
			children = (
				83F51E6CE991B03C5B3F371F /* Pods_iOSApp.framework */,
			);
			name = Frameworks;
			sourceTree = "<group>";
		};
		B81521A5264E78A600B498CA /* StoryPreview */ = {
			isa = PBXGroup;
			children = (
				B81521A6264E78BA00B498CA /* StoryPreviewViewController.swift */,
				B81521A8264E78C400B498CA /* StoryPreviewViewModel.swift */,
				B81521AA264E78CC00B498CA /* StoryPreviewCoordinator.swift */,
			);
			path = StoryPreview;
			sourceTree = "<group>";
		};
		B8261E17264FB1F80044A72D /* ForgetPassword */ = {
			isa = PBXGroup;
			children = (
				B8261E18264FB2030044A72D /* ForgetPasswordViewModel.swift */,
				B8261E1A264FB2090044A72D /* ForgetPasswordCoordinator.swift */,
				B8261E1C264FB2180044A72D /* ForgetPasswordViewController.swift */,
			);
			path = ForgetPassword;
			sourceTree = "<group>";
		};
		B8261E1E264FB7A70044A72D /* Confirmation */ = {
			isa = PBXGroup;
			children = (
				B8261E1F264FB7E50044A72D /* ConfirmCoordinator.swift */,
				B8261E21264FB7F30044A72D /* ConfirmViewModel.swift */,
				B8261E23264FB7FA0044A72D /* ConfirmViewController.swift */,
			);
			path = Confirmation;
			sourceTree = "<group>";
		};
		B83D555F264B96B3003791F5 /* Customs */ = {
			isa = PBXGroup;
			children = (
				B83D5560264B96BE003791F5 /* TextField.swift */,
				B878945F264D7D30004DEE04 /* RoundedImageView.swift */,
			);
			path = Customs;
			sourceTree = "<group>";
		};
		B864B4AA264AD9D00056C356 = {
			isa = PBXGroup;
			children = (
				B864B4B5264AD9D00056C356 /* iOSApp */,
				B864B4B4264AD9D00056C356 /* Products */,
				3D8A64480FC425EDA3CEE37B /* Pods */,
				9062B6E166AAB03B716564AD /* Frameworks */,
			);
			sourceTree = "<group>";
		};
		B864B4B4264AD9D00056C356 /* Products */ = {
			isa = PBXGroup;
			children = (
				B864B4B3264AD9D00056C356 /* iOSApp.app */,
			);
			name = Products;
			sourceTree = "<group>";
		};
		B864B4B5264AD9D00056C356 /* iOSApp */ = {
			isa = PBXGroup;
			children = (
				1AC52F18264BAAD900C04EA4 /* Resources */,
				B8789407264C3F5C004DEE04 /* Main */,
				B878940F264D006E004DEE04 /* TabBar */,
				B8789406264C3EB6004DEE04 /* Signing */,
				B864B4EF264AF4B50056C356 /* BaseClasses */,
				B864B4E1264AE5870056C356 /* SupportFiles */,
				B864B4C4264AD9D10056C356 /* Info.plist */,
			);
			path = iOSApp;
			sourceTree = "<group>";
		};
		B864B4CA264AE04A0056C356 /* SignUp */ = {
			isa = PBXGroup;
			children = (
				B864B4CD264AE2630056C356 /* SignUpCoordinator.swift */,
				B864B4CF264AE26D0056C356 /* SignUpViewController.swift */,
				B864B4D1264AE2770056C356 /* SignUpViewModel.swift */,
			);
			path = SignUp;
			sourceTree = "<group>";
		};
		B864B4CB264AE1EB0056C356 /* SignIn */ = {
			isa = PBXGroup;
			children = (
				B864B4D3264AE2870056C356 /* SignInCoordinator.swift */,
				B864B4D5264AE2900056C356 /* SignInViewController.swift */,
				B864B4D7264AE29B0056C356 /* SignInViewModel.swift */,
			);
			path = SignIn;
			sourceTree = "<group>";
		};
		B864B4CC264AE2180056C356 /* Welcome */ = {
			isa = PBXGroup;
			children = (
				B864B4D9264AE3240056C356 /* WelcomeCoordinator.swift */,
				B864B4DB264AE32D0056C356 /* WelcomeViewController.swift */,
				B864B4DD264AE3350056C356 /* WelcomeViewModel.swift */,
			);
			path = Welcome;
			sourceTree = "<group>";
		};
		B864B4E1264AE5870056C356 /* SupportFiles */ = {
			isa = PBXGroup;
			children = (
				B864B4B6264AD9D00056C356 /* AppDelegate.swift */,
				B864B4B8264AD9D00056C356 /* SceneDelegate.swift */,
				B864B4BF264AD9D10056C356 /* Assets.xcassets */,
				B864B4C1264AD9D10056C356 /* LaunchScreen.storyboard */,
			);
			path = SupportFiles;
			sourceTree = "<group>";
		};
		B864B4E4264AE7D30056C356 /* Extensions */ = {
			isa = PBXGroup;
			children = (
				B864B4E5264AE7E20056C356 /* UILabel+extensions.swift */,
				B864B4E7264AE91A0056C356 /* UIStackView+extensions.swift */,
				B864B4E9264AED940056C356 /* UIButton+extensions.swift */,
				B864B4EB264AEFD20056C356 /* UIImageView+extensions.swift */,
				B864B4F0264AFE140056C356 /* UITextField+extensions.swift */,
				B864B4F2264B7D760056C356 /* UIView+extensions.swift */,
				B8789452264D6A38004DEE04 /* UIColor+extensions.swift */,
				B82F8BD8264FDC710096358A /* String+extensions.swift */,
			);
			path = Extensions;
			sourceTree = "<group>";
		};
		B864B4EF264AF4B50056C356 /* BaseClasses */ = {
			isa = PBXGroup;
			children = (
				B864B4DF264AE3B80056C356 /* Coordinator.swift */,
				B864B4E2264AE5C60056C356 /* BaseViewController.swift */,
				B8789413264D0179004DEE04 /* AppCoordinator.swift */,
			);
			path = BaseClasses;
			sourceTree = "<group>";
		};
		B8789406264C3EB6004DEE04 /* Signing */ = {
			isa = PBXGroup;
			children = (
				B8261E1E264FB7A70044A72D /* Confirmation */,
				B8261E17264FB1F80044A72D /* ForgetPassword */,
				B864B4CC264AE2180056C356 /* Welcome */,
				B864B4CB264AE1EB0056C356 /* SignIn */,
				B864B4CA264AE04A0056C356 /* SignUp */,
			);
			path = Signing;
			sourceTree = "<group>";
		};
		B8789407264C3F5C004DEE04 /* Main */ = {
			isa = PBXGroup;
			children = (
				B81521A5264E78A600B498CA /* StoryPreview */,
				B8789454264D7237004DEE04 /* Add */,
				B878944B264D5FFC004DEE04 /* Favorite */,
				B8789444264D5E97004DEE04 /* Account */,
				B878941B264D321D004DEE04 /* Search */,
				B8789408264C3F67004DEE04 /* Home */,
			);
			path = Main;
			sourceTree = "<group>";
		};
		B8789408264C3F67004DEE04 /* Home */ = {
			isa = PBXGroup;
			children = (
				B8789471264DAE9A004DEE04 /* HeaderView */,
				B878940B264C3F83004DEE04 /* HomeCoordinator.swift */,
				B8789409264C3F7A004DEE04 /* HomeViewModel.swift */,
				B878940D264C3F8A004DEE04 /* HomeViewController.swift */,
				B8789466264D98B2004DEE04 /* Cells */,
			);
			path = Home;
			sourceTree = "<group>";
		};
		B878940F264D006E004DEE04 /* TabBar */ = {
			isa = PBXGroup;
			children = (
				B8789410264D00D2004DEE04 /* TabBarCoordinator.swift */,
				B8789417264D31C4004DEE04 /* TabBarViewModel.swift */,
				B8789419264D31D9004DEE04 /* TabBarViewController.swift */,
			);
			path = TabBar;
			sourceTree = "<group>";
		};
		B878941B264D321D004DEE04 /* Search */ = {
			isa = PBXGroup;
			children = (
				B878941C264D322A004DEE04 /* SearchViewController.swift */,
				B878941E264D3232004DEE04 /* SearchCoordinator.swift */,
				B8789420264D323A004DEE04 /* SearchViewModel.swift */,
			);
			path = Search;
			sourceTree = "<group>";
		};
		B8789444264D5E97004DEE04 /* Account */ = {
			isa = PBXGroup;
			children = (
				B8789445264D5EA7004DEE04 /* AccountViewController.swift */,
				B8789447264D5EAF004DEE04 /* AccountViewModel.swift */,
				B8789449264D5EB7004DEE04 /* AccountCoordinator.swift */,
				B8789461264D8936004DEE04 /* Views */,
			);
			path = Account;
			sourceTree = "<group>";
		};
		B878944B264D5FFC004DEE04 /* Favorite */ = {
			isa = PBXGroup;
			children = (
				B878944C264D6008004DEE04 /* FavoriteViewController.swift */,
				B878944E264D6011004DEE04 /* FavoriteViewModel.swift */,
				B8789450264D6018004DEE04 /* FavoriteCoordinator.swift */,
			);
			path = Favorite;
			sourceTree = "<group>";
		};
		B8789454264D7237004DEE04 /* Add */ = {
			isa = PBXGroup;
			children = (
				B8789456264D724A004DEE04 /* AddViewModel.swift */,
				B8789458264D724F004DEE04 /* AddCoordinator.swift */,
				B878945A264D7256004DEE04 /* AddViewController.swift */,
			);
			path = Add;
			sourceTree = "<group>";
		};
		B8789461264D8936004DEE04 /* Views */ = {
			isa = PBXGroup;
			children = (
				B878945D264D7C86004DEE04 /* FollowingLabel.swift */,
				B8789462264D894A004DEE04 /* AccountHorizontalView.swift */,
			);
			path = Views;
			sourceTree = "<group>";
		};
		B8789466264D98B2004DEE04 /* Cells */ = {
			isa = PBXGroup;
			children = (
				B878946E264DA306004DEE04 /* Views */,
				B8789467264D998B004DEE04 /* HomeTableViewCell.swift */,
				B8789469264DA14A004DEE04 /* HomeTableViewCellViewModel.swift */,
			);
			path = Cells;
			sourceTree = "<group>";
		};
		B878946E264DA306004DEE04 /* Views */ = {
			isa = PBXGroup;
			children = (
				B878946F264DA32D004DEE04 /* HomeCellInteractionView.swift */,
			);
			path = Views;
			sourceTree = "<group>";
		};
		B8789471264DAE9A004DEE04 /* HeaderView */ = {
			isa = PBXGroup;
			children = (
				B8789474264DB26E004DEE04 /* CollectionView */,
				B8789472264DAEAD004DEE04 /* HomeHeaderView.swift */,
				B81521AC264E7A2400B498CA /* HomeHeaderModelView.swift */,
			);
			path = HeaderView;
			sourceTree = "<group>";
		};
		B8789474264DB26E004DEE04 /* CollectionView */ = {
			isa = PBXGroup;
			children = (
				B8789475264DB289004DEE04 /* HomeCollectionViewCell.swift */,
				B81521AE264E7A3700B498CA /* HomeCollectionCellViewModel.swift */,
			);
			path = CollectionView;
			sourceTree = "<group>";
		};
/* End PBXGroup section */

/* Begin PBXNativeTarget section */
		B864B4B2264AD9D00056C356 /* iOSApp */ = {
			isa = PBXNativeTarget;
			buildConfigurationList = B864B4C7264AD9D10056C356 /* Build configuration list for PBXNativeTarget "iOSApp" */;
			buildPhases = (
				1270C3077F5C279FA7C188A6 /* [CP] Check Pods Manifest.lock */,
				1AC52F22264BAC5000C04EA4 /* RSwift */,
				B864B4AF264AD9D00056C356 /* Sources */,
				B864B4B0264AD9D00056C356 /* Frameworks */,
				B864B4B1264AD9D00056C356 /* Resources */,
				E88712BB059F7AD655EE5E19 /* [CP] Embed Pods Frameworks */,
			);
			buildRules = (
			);
			dependencies = (
			);
			name = iOSApp;
			productName = iOSApp;
			productReference = B864B4B3264AD9D00056C356 /* iOSApp.app */;
			productType = "com.apple.product-type.application";
		};
/* End PBXNativeTarget section */

/* Begin PBXProject section */
		B864B4AB264AD9D00056C356 /* Project object */ = {
			isa = PBXProject;
			attributes = {
				LastSwiftUpdateCheck = 1250;
				LastUpgradeCheck = 1250;
				TargetAttributes = {
					B864B4B2264AD9D00056C356 = {
						CreatedOnToolsVersion = 12.5;
					};
				};
			};
			buildConfigurationList = B864B4AE264AD9D00056C356 /* Build configuration list for PBXProject "iOSApp" */;
			compatibilityVersion = "Xcode 9.3";
			developmentRegion = en;
			hasScannedForEncodings = 0;
			knownRegions = (
				en,
				Base,
				ru,
				"uz-UZ",
			);
			mainGroup = B864B4AA264AD9D00056C356;
			productRefGroup = B864B4B4264AD9D00056C356 /* Products */;
			projectDirPath = "";
			projectRoot = "";
			targets = (
				B864B4B2264AD9D00056C356 /* iOSApp */,
			);
		};
/* End PBXProject section */

/* Begin PBXResourcesBuildPhase section */
		B864B4B1264AD9D00056C356 /* Resources */ = {
			isa = PBXResourcesBuildPhase;
			buildActionMask = 2147483647;
			files = (
				B864B4C3264AD9D10056C356 /* LaunchScreen.storyboard in Resources */,
				B82F8BDC26502C660096358A /* Localization.strings in Resources */,
				B8261E26264FD0090044A72D /* constants.strings in Resources */,
				B864B4C0264AD9D10056C356 /* Assets.xcassets in Resources */,
			);
			runOnlyForDeploymentPostprocessing = 0;
		};
/* End PBXResourcesBuildPhase section */

/* Begin PBXShellScriptBuildPhase section */
		1270C3077F5C279FA7C188A6 /* [CP] Check Pods Manifest.lock */ = {
			isa = PBXShellScriptBuildPhase;
			buildActionMask = 2147483647;
			files = (
			);
			inputFileListPaths = (
			);
			inputPaths = (
				"${PODS_PODFILE_DIR_PATH}/Podfile.lock",
				"${PODS_ROOT}/Manifest.lock",
			);
			name = "[CP] Check Pods Manifest.lock";
			outputFileListPaths = (
			);
			outputPaths = (
				"$(DERIVED_FILE_DIR)/Pods-iOSApp-checkManifestLockResult.txt",
			);
			runOnlyForDeploymentPostprocessing = 0;
			shellPath = /bin/sh;
			shellScript = "diff \"${PODS_PODFILE_DIR_PATH}/Podfile.lock\" \"${PODS_ROOT}/Manifest.lock\" > /dev/null\nif [ $? != 0 ] ; then\n    # print error to STDERR\n    echo \"error: The sandbox is not in sync with the Podfile.lock. Run 'pod install' or update your CocoaPods installation.\" >&2\n    exit 1\nfi\n# This output is used by Xcode 'outputs' to avoid re-running this script phase.\necho \"SUCCESS\" > \"${SCRIPT_OUTPUT_FILE_0}\"\n";
			showEnvVarsInLog = 0;
		};
		1AC52F22264BAC5000C04EA4 /* RSwift */ = {
			isa = PBXShellScriptBuildPhase;
			buildActionMask = 2147483647;
			files = (
			);
			inputFileListPaths = (
			);
			inputPaths = (
				"$TEMP_DIR/rswift-lastrun",
			);
			name = RSwift;
			outputFileListPaths = (
			);
			outputPaths = (
				$SRCROOT/R.generated.swift,
			);
			runOnlyForDeploymentPostprocessing = 0;
			shellPath = /bin/sh;
			shellScript = "# Type a script or drag a script file from your workspace to insert its path.\n\"$PODS_ROOT/R.swift/rswift\" generate \"$SRCROOT/R.generated.swift\"\n";
		};
		E88712BB059F7AD655EE5E19 /* [CP] Embed Pods Frameworks */ = {
			isa = PBXShellScriptBuildPhase;
			buildActionMask = 2147483647;
			files = (
			);
			inputFileListPaths = (
				"${PODS_ROOT}/Target Support Files/Pods-iOSApp/Pods-iOSApp-frameworks-${CONFIGURATION}-input-files.xcfilelist",
			);
			name = "[CP] Embed Pods Frameworks";
			outputFileListPaths = (
				"${PODS_ROOT}/Target Support Files/Pods-iOSApp/Pods-iOSApp-frameworks-${CONFIGURATION}-output-files.xcfilelist",
			);
			runOnlyForDeploymentPostprocessing = 0;
			shellPath = /bin/sh;
			shellScript = "\"${PODS_ROOT}/Target Support Files/Pods-iOSApp/Pods-iOSApp-frameworks.sh\"\n";
			showEnvVarsInLog = 0;
		};
/* End PBXShellScriptBuildPhase section */

/* Begin PBXSourcesBuildPhase section */
		B864B4AF264AD9D00056C356 /* Sources */ = {
			isa = PBXSourcesBuildPhase;
			buildActionMask = 2147483647;
			files = (
				B878945E264D7C86004DEE04 /* FollowingLabel.swift in Sources */,
				B82F8BDB265017940096358A /* CustomColors.swift in Sources */,
				B8789457264D724A004DEE04 /* AddViewModel.swift in Sources */,
				B8789421264D323A004DEE04 /* SearchViewModel.swift in Sources */,
				B8789448264D5EAF004DEE04 /* AccountViewModel.swift in Sources */,
				B8261E1D264FB2180044A72D /* ForgetPasswordViewController.swift in Sources */,
				B878940E264C3F8A004DEE04 /* HomeViewController.swift in Sources */,
				B864B4F1264AFE140056C356 /* UITextField+extensions.swift in Sources */,
				B864B4E8264AE91A0056C356 /* UIStackView+extensions.swift in Sources */,
				B8261E19264FB2030044A72D /* ForgetPasswordViewModel.swift in Sources */,
				B864B4E3264AE5C60056C356 /* BaseViewController.swift in Sources */,
				B83D5561264B96BE003791F5 /* TextField.swift in Sources */,
				B81521AB264E78CC00B498CA /* StoryPreviewCoordinator.swift in Sources */,
				B864B4CE264AE2630056C356 /* SignUpCoordinator.swift in Sources */,
				B8261E1B264FB2090044A72D /* ForgetPasswordCoordinator.swift in Sources */,
				B878944D264D6008004DEE04 /* FavoriteViewController.swift in Sources */,
				B8789414264D0179004DEE04 /* AppCoordinator.swift in Sources */,
				B8789446264D5EA7004DEE04 /* AccountViewController.swift in Sources */,
				B878941D264D322A004DEE04 /* SearchViewController.swift in Sources */,
				B8789411264D00D2004DEE04 /* TabBarCoordinator.swift in Sources */,
				B878940C264C3F83004DEE04 /* HomeCoordinator.swift in Sources */,
				B878940A264C3F7A004DEE04 /* HomeViewModel.swift in Sources */,
				B81521AD264E7A2400B498CA /* HomeHeaderModelView.swift in Sources */,
				B864B4DE264AE3350056C356 /* WelcomeViewModel.swift in Sources */,
				B8789470264DA32D004DEE04 /* HomeCellInteractionView.swift in Sources */,
				B878941F264D3232004DEE04 /* SearchCoordinator.swift in Sources */,
				B864B4DC264AE32D0056C356 /* WelcomeViewController.swift in Sources */,
				B81521A9264E78C400B498CA /* StoryPreviewViewModel.swift in Sources */,
				B864B4F3264B7D760056C356 /* UIView+extensions.swift in Sources */,
				B8789459264D724F004DEE04 /* AddCoordinator.swift in Sources */,
				B878946A264DA14A004DEE04 /* HomeTableViewCellViewModel.swift in Sources */,
				B864B4EC264AEFD20056C356 /* UIImageView+extensions.swift in Sources */,
				1AC52F26264BAD9D00C04EA4 /* R.generated.swift in Sources */,
				B864B4E6264AE7E20056C356 /* UILabel+extensions.swift in Sources */,
				B864B4B7264AD9D00056C356 /* AppDelegate.swift in Sources */,
				B8789460264D7D30004DEE04 /* RoundedImageView.swift in Sources */,
				B864B4B9264AD9D00056C356 /* SceneDelegate.swift in Sources */,
				B82F8BD9264FDC710096358A /* String+extensions.swift in Sources */,
				B81521A7264E78BA00B498CA /* StoryPreviewViewController.swift in Sources */,
				B8261E24264FB7FA0044A72D /* ConfirmViewController.swift in Sources */,
				B8261E20264FB7E50044A72D /* ConfirmCoordinator.swift in Sources */,
				B8789418264D31C4004DEE04 /* TabBarViewModel.swift in Sources */,
				B8789476264DB289004DEE04 /* HomeCollectionViewCell.swift in Sources */,
				B864B4D6264AE2900056C356 /* SignInViewController.swift in Sources */,
				B878944F264D6011004DEE04 /* FavoriteViewModel.swift in Sources */,
				B81521AF264E7A3700B498CA /* HomeCollectionCellViewModel.swift in Sources */,
				B8789453264D6A38004DEE04 /* UIColor+extensions.swift in Sources */,
				B8261E22264FB7F30044A72D /* ConfirmViewModel.swift in Sources */,
				B864B4EA264AED940056C356 /* UIButton+extensions.swift in Sources */,
				B864B4EE264AF2C50056C356 /* GlobalVariables.swift in Sources */,
				B878945B264D7256004DEE04 /* AddViewController.swift in Sources */,
				B864B4D8264AE29B0056C356 /* SignInViewModel.swift in Sources */,
				B8261E28264FD0440044A72D /* Helper.swift in Sources */,
				B864B4D4264AE2870056C356 /* SignInCoordinator.swift in Sources */,
				B864B4E0264AE3B80056C356 /* Coordinator.swift in Sources */,
				B8789468264D998B004DEE04 /* HomeTableViewCell.swift in Sources */,
				B8789416264D01BE004DEE04 /* SettingsManager.swift in Sources */,
				B8789473264DAEAD004DEE04 /* HomeHeaderView.swift in Sources */,
				B864B4DA264AE3240056C356 /* WelcomeCoordinator.swift in Sources */,
				B878944A264D5EB7004DEE04 /* AccountCoordinator.swift in Sources */,
				B864B4D2264AE2770056C356 /* SignUpViewModel.swift in Sources */,
				B878941A264D31D9004DEE04 /* TabBarViewController.swift in Sources */,
				B8789463264D894A004DEE04 /* AccountHorizontalView.swift in Sources */,
				B864B4D0264AE26D0056C356 /* SignUpViewController.swift in Sources */,
				B8789451264D6018004DEE04 /* FavoriteCoordinator.swift in Sources */,
			);
			runOnlyForDeploymentPostprocessing = 0;
		};
/* End PBXSourcesBuildPhase section */

/* Begin PBXVariantGroup section */
		B82F8BDE26502C660096358A /* Localization.strings */ = {
			isa = PBXVariantGroup;
			children = (
				B82F8BDD26502C660096358A /* en */,
				B82F8BDF26502D000096358A /* ru */,
				B82F8BE026502D320096358A /* uz-UZ */,
			);
			name = Localization.strings;
			sourceTree = "<group>";
		};
		B864B4C1264AD9D10056C356 /* LaunchScreen.storyboard */ = {
			isa = PBXVariantGroup;
			children = (
				B864B4C2264AD9D10056C356 /* Base */,
			);
			name = LaunchScreen.storyboard;
			sourceTree = "<group>";
		};
/* End PBXVariantGroup section */

/* Begin XCBuildConfiguration section */
		B864B4C5264AD9D10056C356 /* Debug */ = {
			isa = XCBuildConfiguration;
			buildSettings = {
				ALWAYS_SEARCH_USER_PATHS = NO;
				CLANG_ANALYZER_LOCALIZABILITY_NONLOCALIZED = YES;
				CLANG_ANALYZER_NONNULL = YES;
				CLANG_ANALYZER_NUMBER_OBJECT_CONVERSION = YES_AGGRESSIVE;
				CLANG_CXX_LANGUAGE_STANDARD = "gnu++14";
				CLANG_CXX_LIBRARY = "libc++";
				CLANG_ENABLE_MODULES = YES;
				CLANG_ENABLE_OBJC_ARC = YES;
				CLANG_ENABLE_OBJC_WEAK = YES;
				CLANG_WARN_BLOCK_CAPTURE_AUTORELEASING = YES;
				CLANG_WARN_BOOL_CONVERSION = YES;
				CLANG_WARN_COMMA = YES;
				CLANG_WARN_CONSTANT_CONVERSION = YES;
				CLANG_WARN_DEPRECATED_OBJC_IMPLEMENTATIONS = YES;
				CLANG_WARN_DIRECT_OBJC_ISA_USAGE = YES_ERROR;
				CLANG_WARN_DOCUMENTATION_COMMENTS = YES;
				CLANG_WARN_EMPTY_BODY = YES;
				CLANG_WARN_ENUM_CONVERSION = YES;
				CLANG_WARN_INFINITE_RECURSION = YES;
				CLANG_WARN_INT_CONVERSION = YES;
				CLANG_WARN_NON_LITERAL_NULL_CONVERSION = YES;
				CLANG_WARN_OBJC_IMPLICIT_RETAIN_SELF = YES;
				CLANG_WARN_OBJC_LITERAL_CONVERSION = YES;
				CLANG_WARN_OBJC_ROOT_CLASS = YES_ERROR;
				CLANG_WARN_QUOTED_INCLUDE_IN_FRAMEWORK_HEADER = YES;
				CLANG_WARN_RANGE_LOOP_ANALYSIS = YES;
				CLANG_WARN_STRICT_PROTOTYPES = YES;
				CLANG_WARN_SUSPICIOUS_MOVE = YES;
				CLANG_WARN_UNGUARDED_AVAILABILITY = YES_AGGRESSIVE;
				CLANG_WARN_UNREACHABLE_CODE = YES;
				CLANG_WARN__DUPLICATE_METHOD_MATCH = YES;
				COPY_PHASE_STRIP = NO;
				DEBUG_INFORMATION_FORMAT = dwarf;
				ENABLE_STRICT_OBJC_MSGSEND = YES;
				ENABLE_TESTABILITY = YES;
				GCC_C_LANGUAGE_STANDARD = gnu11;
				GCC_DYNAMIC_NO_PIC = NO;
				GCC_NO_COMMON_BLOCKS = YES;
				GCC_OPTIMIZATION_LEVEL = 0;
				GCC_PREPROCESSOR_DEFINITIONS = (
					"DEBUG=1",
					"$(inherited)",
				);
				GCC_WARN_64_TO_32_BIT_CONVERSION = YES;
				GCC_WARN_ABOUT_RETURN_TYPE = YES_ERROR;
				GCC_WARN_UNDECLARED_SELECTOR = YES;
				GCC_WARN_UNINITIALIZED_AUTOS = YES_AGGRESSIVE;
				GCC_WARN_UNUSED_FUNCTION = YES;
				GCC_WARN_UNUSED_VARIABLE = YES;
				IPHONEOS_DEPLOYMENT_TARGET = 14.5;
				MTL_ENABLE_DEBUG_INFO = INCLUDE_SOURCE;
				MTL_FAST_MATH = YES;
				ONLY_ACTIVE_ARCH = YES;
				SDKROOT = iphoneos;
				SWIFT_ACTIVE_COMPILATION_CONDITIONS = DEBUG;
				SWIFT_OPTIMIZATION_LEVEL = "-Onone";
			};
			name = Debug;
		};
		B864B4C6264AD9D10056C356 /* Release */ = {
			isa = XCBuildConfiguration;
			buildSettings = {
				ALWAYS_SEARCH_USER_PATHS = NO;
				CLANG_ANALYZER_LOCALIZABILITY_NONLOCALIZED = YES;
				CLANG_ANALYZER_NONNULL = YES;
				CLANG_ANALYZER_NUMBER_OBJECT_CONVERSION = YES_AGGRESSIVE;
				CLANG_CXX_LANGUAGE_STANDARD = "gnu++14";
				CLANG_CXX_LIBRARY = "libc++";
				CLANG_ENABLE_MODULES = YES;
				CLANG_ENABLE_OBJC_ARC = YES;
				CLANG_ENABLE_OBJC_WEAK = YES;
				CLANG_WARN_BLOCK_CAPTURE_AUTORELEASING = YES;
				CLANG_WARN_BOOL_CONVERSION = YES;
				CLANG_WARN_COMMA = YES;
				CLANG_WARN_CONSTANT_CONVERSION = YES;
				CLANG_WARN_DEPRECATED_OBJC_IMPLEMENTATIONS = YES;
				CLANG_WARN_DIRECT_OBJC_ISA_USAGE = YES_ERROR;
				CLANG_WARN_DOCUMENTATION_COMMENTS = YES;
				CLANG_WARN_EMPTY_BODY = YES;
				CLANG_WARN_ENUM_CONVERSION = YES;
				CLANG_WARN_INFINITE_RECURSION = YES;
				CLANG_WARN_INT_CONVERSION = YES;
				CLANG_WARN_NON_LITERAL_NULL_CONVERSION = YES;
				CLANG_WARN_OBJC_IMPLICIT_RETAIN_SELF = YES;
				CLANG_WARN_OBJC_LITERAL_CONVERSION = YES;
				CLANG_WARN_OBJC_ROOT_CLASS = YES_ERROR;
				CLANG_WARN_QUOTED_INCLUDE_IN_FRAMEWORK_HEADER = YES;
				CLANG_WARN_RANGE_LOOP_ANALYSIS = YES;
				CLANG_WARN_STRICT_PROTOTYPES = YES;
				CLANG_WARN_SUSPICIOUS_MOVE = YES;
				CLANG_WARN_UNGUARDED_AVAILABILITY = YES_AGGRESSIVE;
				CLANG_WARN_UNREACHABLE_CODE = YES;
				CLANG_WARN__DUPLICATE_METHOD_MATCH = YES;
				COPY_PHASE_STRIP = NO;
				DEBUG_INFORMATION_FORMAT = "dwarf-with-dsym";
				ENABLE_NS_ASSERTIONS = NO;
				ENABLE_STRICT_OBJC_MSGSEND = YES;
				GCC_C_LANGUAGE_STANDARD = gnu11;
				GCC_NO_COMMON_BLOCKS = YES;
				GCC_WARN_64_TO_32_BIT_CONVERSION = YES;
				GCC_WARN_ABOUT_RETURN_TYPE = YES_ERROR;
				GCC_WARN_UNDECLARED_SELECTOR = YES;
				GCC_WARN_UNINITIALIZED_AUTOS = YES_AGGRESSIVE;
				GCC_WARN_UNUSED_FUNCTION = YES;
				GCC_WARN_UNUSED_VARIABLE = YES;
				IPHONEOS_DEPLOYMENT_TARGET = 14.5;
				MTL_ENABLE_DEBUG_INFO = NO;
				MTL_FAST_MATH = YES;
				SDKROOT = iphoneos;
				SWIFT_COMPILATION_MODE = wholemodule;
				SWIFT_OPTIMIZATION_LEVEL = "-O";
				VALIDATE_PRODUCT = YES;
			};
			name = Release;
		};
		B864B4C8264AD9D10056C356 /* Debug */ = {
			isa = XCBuildConfiguration;
			baseConfigurationReference = 0FBC62CE8B78F95F48590B0D /* Pods-iOSApp.debug.xcconfig */;
			buildSettings = {
				ASSETCATALOG_COMPILER_APPICON_NAME = AppIcon;
				ASSETCATALOG_COMPILER_GLOBAL_ACCENT_COLOR_NAME = AccentColor;
				CODE_SIGN_STYLE = Automatic;
				DEVELOPMENT_TEAM = YPJRPL9SL6;
				INFOPLIST_FILE = iOSApp/Info.plist;
				IPHONEOS_DEPLOYMENT_TARGET = 13.0;
				LD_RUNPATH_SEARCH_PATHS = (
					"$(inherited)",
					"@executable_path/Frameworks",
				);
				PRODUCT_BUNDLE_IDENTIFIER = DanGeRHOGGISH.iOSApp;
				PRODUCT_NAME = "$(TARGET_NAME)";
				SWIFT_VERSION = 5.0;
				TARGETED_DEVICE_FAMILY = "1,2";
			};
			name = Debug;
		};
		B864B4C9264AD9D10056C356 /* Release */ = {
			isa = XCBuildConfiguration;
			baseConfigurationReference = 27BD7AFA66EAEE981A934464 /* Pods-iOSApp.release.xcconfig */;
			buildSettings = {
				ASSETCATALOG_COMPILER_APPICON_NAME = AppIcon;
				ASSETCATALOG_COMPILER_GLOBAL_ACCENT_COLOR_NAME = AccentColor;
				CODE_SIGN_STYLE = Automatic;
				DEVELOPMENT_TEAM = YPJRPL9SL6;
				INFOPLIST_FILE = iOSApp/Info.plist;
				IPHONEOS_DEPLOYMENT_TARGET = 13.0;
				LD_RUNPATH_SEARCH_PATHS = (
					"$(inherited)",
					"@executable_path/Frameworks",
				);
				PRODUCT_BUNDLE_IDENTIFIER = DanGeRHOGGISH.iOSApp;
				PRODUCT_NAME = "$(TARGET_NAME)";
				SWIFT_VERSION = 5.0;
				TARGETED_DEVICE_FAMILY = "1,2";
			};
			name = Release;
		};
/* End XCBuildConfiguration section */

/* Begin XCConfigurationList section */
		B864B4AE264AD9D00056C356 /* Build configuration list for PBXProject "iOSApp" */ = {
			isa = XCConfigurationList;
			buildConfigurations = (
				B864B4C5264AD9D10056C356 /* Debug */,
				B864B4C6264AD9D10056C356 /* Release */,
			);
			defaultConfigurationIsVisible = 0;
			defaultConfigurationName = Release;
		};
		B864B4C7264AD9D10056C356 /* Build configuration list for PBXNativeTarget "iOSApp" */ = {
			isa = XCConfigurationList;
			buildConfigurations = (
				B864B4C8264AD9D10056C356 /* Debug */,
				B864B4C9264AD9D10056C356 /* Release */,
			);
			defaultConfigurationIsVisible = 0;
			defaultConfigurationName = Release;
		};
/* End XCConfigurationList section */
	};
	rootObject = B864B4AB264AD9D00056C356 /* Project object */;
}
